
Microsoft Visual Studio Solution File, Format Version 12.00
# Visual Studio Version 17
VisualStudioVersion = 17.4.33122.133
MinimumVisualStudioVersion = 10.0.40219.1
Project("{FAE04EC0-301F-11D3-BF4B-00C04F79EFBC}") = "Pretboek", "Pretboek.csproj", "{4CDC0584-409E-4495-A665-465F187FE564}"
EndProject
Global
	GlobalSection(SolutionConfigurationPlatforms) = preSolution
		Debug|Any CPU = Debug|Any CPU
		Release|Any CPU = Release|Any CPU
	EndGlobalSection
	GlobalSection(ProjectConfigurationPlatforms) = postSolution
		{4CDC0584-409E-4495-A665-465F187FE564}.Debug|Any CPU.ActiveCfg = Debug|Any CPU
		{4CDC0584-409E-4495-A665-465F187FE564}.Debug|Any CPU.Build.0 = Debug|Any CPU
		{4CDC0584-409E-4495-A665-465F187FE564}.Release|Any CPU.ActiveCfg = Release|Any CPU
		{4CDC0584-409E-4495-A665-465F187FE564}.Release|Any CPU.Build.0 = Release|Any CPU
	EndGlobalSection
	GlobalSection(SolutionProperties) = preSolution
		HideSolutionNode = FALSE
	EndGlobalSection
	GlobalSection(ExtensibilityGlobals) = postSolution
		SolutionGuid = {C4F705D5-DA62-45FD-8402-E79B537027A5}
	EndGlobalSection
EndGlobal
